PODS:
  - AppCenter/Analytics (2.0.1):
    - AppCenter/Core
  - AppCenter/Core (2.0.1)
  - AppCenter/Crashes (2.0.1):
    - AppCenter/Core
  - AppCenterReactNativeShared (2.0.0):
    - AppCenter/Core (= 2.0.1)
  - Base64 (1.1.2)
  - Bolts (1.9.0):
    - Bolts/AppLinks (= 1.9.0)
    - Bolts/Tasks (= 1.9.0)
  - Bolts/AppLinks (1.9.0):
    - Bolts/Tasks
  - Bolts/Tasks (1.9.0)
  - boost-for-react-native (1.63.0)
  - CodePush (5.6.0):
    - Base64 (~> 1.1)
    - JWT (~> 3.0.0-beta.7)
    - React
    - SSZipArchive (~> 2.1)
  - DoubleConversion (1.1.6)
  - FBSDKCoreKit (4.42.0):
    - Bolts (~> 1.9)
  - FBSDKLoginKit (4.42.0):
    - FBSDKCoreKit
  - FBSDKShareKit (4.42.0):
    - FBSDKCoreKit
  - Folly (2018.10.22.00):
    - boost-for-react-native
    - DoubleConversion
    - glog
  - glog (0.3.5)
  - JWT (3.0.0-beta.11):
    - Base64 (~> 1.1.2)
  - QBImagePickerController (3.4.0)
  - React (0.59.8):
    - React/Core (= 0.59.8)
  - react-native-fast-image (6.0.3):
    - React
    - SDWebImage (~> 5.0)
  - react-native-fbsdk (0.8.0):
    - React
    - react-native-fbsdk/Core (= 0.8.0)
    - react-native-fbsdk/Login (= 0.8.0)
    - react-native-fbsdk/Share (= 0.8.0)
  - react-native-fbsdk/Core (0.8.0):
    - FBSDKCoreKit
    - React
  - react-native-fbsdk/Login (0.8.0):
    - FBSDKLoginKit
    - React
  - react-native-fbsdk/Share (0.8.0):
    - FBSDKShareKit
    - React
  - React/Core (0.59.8):
    - yoga (= 0.59.8.React)
  - React/CxxBridge (0.59.8):
    - Folly (= 2018.10.22.00)
    - React/Core
    - React/cxxreact
    - React/jsiexecutor
  - React/cxxreact (0.59.8):
    - boost-for-react-native (= 1.63.0)
    - DoubleConversion
    - Folly (= 2018.10.22.00)
    - glog
    - React/jsinspector
  - React/DevSupport (0.59.8):
    - React/Core
    - React/RCTWebSocket
  - React/fishhook (0.59.8)
  - React/jsi (0.59.8):
    - DoubleConversion
    - Folly (= 2018.10.22.00)
    - glog
  - React/jsiexecutor (0.59.8):
    - DoubleConversion
    - Folly (= 2018.10.22.00)
    - glog
    - React/cxxreact
    - React/jsi
  - React/jsinspector (0.59.8)
  - React/RCTAnimation (0.59.8):
    - React/Core
  - React/RCTBlob (0.59.8):
    - React/Core
  - React/RCTImage (0.59.8):
    - React/Core
    - React/RCTNetwork
  - React/RCTNetwork (0.59.8):
    - React/Core
  - React/RCTText (0.59.8):
    - React/Core
  - React/RCTWebSocket (0.59.8):
    - React/Core
    - React/fishhook
    - React/RCTBlob
  - ReactNativePermissions (1.1.1):
    - React
  - RNColorMatrixImageFilters (5.1.5):
    - React
  - RNImageCropPicker (0.24.1):
    - QBImagePickerController
    - React/Core
    - RSKImageCropper
  - RNReanimated (1.1.0):
    - React
  - RSKImageCropper (2.2.2)
  - SDWebImage (5.0.6):
    - SDWebImage/Core (= 5.0.6)
  - SDWebImage/Core (5.0.6)
  - Sentry (4.1.3):
    - Sentry/Core (= 4.1.3)
  - Sentry/Core (4.1.3)
  - SentryReactNative (0.43.2):
    - React
    - Sentry (~> 4.1.3)
  - SSZipArchive (2.2.2)
  - Stripe (14.0.0)
  - tipsi-stripe (7.5.0):
    - React
    - Stripe (~> 14.0.0)
  - UrbanAirship-iOS-SDK (11.0.0)
  - yoga (0.59.8.React)

DEPENDENCIES:
  - AppCenter/Analytics (~> 2.0.1)
  - AppCenter/Crashes (~> 2.0.1)
  - AppCenterReactNativeShared (~> 2.0.0)
  - CodePush (from `../node_modules/react-native-code-push`)
  - DoubleConversion (from `../node_modules/react-native/third-party-podspecs/DoubleConversion.podspec`)
  - FBSDKCoreKit (~> 4.42.0)
  - FBSDKLoginKit (~> 4.42.0)
  - FBSDKShareKit (~> 4.42.0)
  - Folly (from `../node_modules/react-native/third-party-podspecs/Folly.podspec`)
  - glog (from `../node_modules/react-native/third-party-podspecs/glog.podspec`)
  - react-native-fast-image (from `../node_modules/react-native-fast-image`)
  - react-native-fbsdk (from `../node_modules/react-native-fbsdk`)
  - React/Core (from `../node_modules/react-native`)
  - React/CxxBridge (from `../node_modules/react-native`)
  - React/DevSupport (from `../node_modules/react-native`)
  - React/RCTAnimation (from `../node_modules/react-native`)
  - React/RCTImage (from `../node_modules/react-native`)
  - React/RCTNetwork (from `../node_modules/react-native`)
  - React/RCTText (from `../node_modules/react-native`)
  - React/RCTWebSocket (from `../node_modules/react-native`)
  - ReactNativePermissions (from `../node_modules/react-native-permissions`)
  - RNColorMatrixImageFilters (from `../node_modules/react-native-color-matrix-image-filters`)
  - RNImageCropPicker (from `../node_modules/react-native-image-crop-picker`)
  - RNReanimated (from `../node_modules/react-native-reanimated`)
  - SentryReactNative (from `../node_modules/react-native-sentry`)
  - Stripe (~> 14.0.0)
  - tipsi-stripe (from `../node_modules/tipsi-stripe`)
  - UrbanAirship-iOS-SDK (~> 11.0)
  - yoga (from `../node_modules/react-native/ReactCommon/yoga`)

SPEC REPOS:
  https://github.com/cocoapods/specs.git:
    - AppCenter
    - AppCenterReactNativeShared
    - Base64
    - Bolts
    - boost-for-react-native
    - FBSDKCoreKit
    - FBSDKLoginKit
    - FBSDKShareKit
    - JWT
    - QBImagePickerController
    - RSKImageCropper
    - SDWebImage
    - Sentry
    - SSZipArchive
    - Stripe
    - UrbanAirship-iOS-SDK

EXTERNAL SOURCES:
  CodePush:
    :path: "../node_modules/react-native-code-push"
  DoubleConversion:
    :podspec: "../node_modules/react-native/third-party-podspecs/DoubleConversion.podspec"
  Folly:
    :podspec: "../node_modules/react-native/third-party-podspecs/Folly.podspec"
  glog:
    :podspec: "../node_modules/react-native/third-party-podspecs/glog.podspec"
  React:
    :path: "../node_modules/react-native"
  react-native-fast-image:
    :path: "../node_modules/react-native-fast-image"
  react-native-fbsdk:
    :path: "../node_modules/react-native-fbsdk"
  ReactNativePermissions:
    :path: "../node_modules/react-native-permissions"
  RNColorMatrixImageFilters:
    :path: "../node_modules/react-native-color-matrix-image-filters"
  RNImageCropPicker:
    :path: "../node_modules/react-native-image-crop-picker"
  RNReanimated:
    :path: "../node_modules/react-native-reanimated"
  SentryReactNative:
    :path: "../node_modules/react-native-sentry"
  tipsi-stripe:
    :path: "../node_modules/tipsi-stripe"
  yoga:
    :path: "../node_modules/react-native/ReactCommon/yoga"

SPEC CHECKSUMS:
  AppCenter: 6a5ff2fd007b53431259fdd74f91eb3d0dfea3d1
  AppCenterReactNativeShared: a55d6899b99ca2c4904cffd82b2d687626afe251
  Base64: cecfb41a004124895a7bcee567a89bae5a89d49b
  Bolts: ac6567323eac61e203f6a9763667d0f711be34c8
  boost-for-react-native: 39c7adb57c4e60d6c5479dd8623128eb5b3f0f2c
  CodePush: 284402fb7418973c3f24a0a9cf0d1d48d96a97c8
  DoubleConversion: bb338842f62ab1d708ceb63ec3d999f0f3d98ecd
  FBSDKCoreKit: aa42f1c384775f8b075f53a43080474278e9701d
  FBSDKLoginKit: 373830c68aa48c9e8f0bfed93a3e32d2ca8963a0
  FBSDKShareKit: 387749259d79e4070ebb304b3fd256e4b4bc4298
  Folly: de497beb10f102453a1afa9edbf8cf8a251890de
  glog: aefd1eb5dda2ab95ba0938556f34b98e2da3a60d
  JWT: 05028b9624591bba9681bb57df2c5f95fa258bad
  QBImagePickerController: d54cf93db6decf26baf6ed3472f336ef35cae022
  React: 76e6aa2b87d05eb6cccb6926d72685c9a07df152
  react-native-fast-image: 3390cc968d598f0c6b5c710df138f4b653a87231
  react-native-fbsdk: 5c3ff4dda057e17d3b4b5491033fc653d423e71d
  ReactNativePermissions: 2e324bb3baf12702e3ec27f76c8ae1158fa69fc6
  RNColorMatrixImageFilters: efa3f54c9b73bb0652314fb539b017b9a7e05d63
  RNImageCropPicker: 6134b66a3d5bc13e2895a97c630a4254006902b4
  RNReanimated: 7a52c90473b5e81c13408d40d797b98387eaddde
  RSKImageCropper: 05e3b82a18da83ea3c2b7bffa7f2199a621d6802
  SDWebImage: 920f1a2ff1ca8296ad34f6e0510a1ef1d70ac965
  Sentry: 4e8a17b61ddd116f89536cc81d567fdee1ebca96
  SentryReactNative: 07237139c00366ea2e75ae3e5c566e7a71c27a90
  SSZipArchive: fa16b8cc4cdeceb698e5e5d9f67e9558532fbf23
  Stripe: db29ad197c74aca6fb981e4e8355cf7ebd0fca5a
  tipsi-stripe: ebb140e03325d93a7bfdaf6131b37c557485f98e
  UrbanAirship-iOS-SDK: a8d14c20a1b5af58784923b827dfd4d4145c0622
  yoga: 92b2102c3d373d1a790db4ab761d2b0ffc634f64

PODFILE CHECKSUM: 6d8a5c6f28360449b8286bf4d133dfb74d68ea32

COCOAPODS: 1.7.1
